// !$*UTF8*$!
{
	archiveVersion = 1;
	classes = {
	};
	objectVersion = 46;
	objects = {

/* Begin PBXBuildFile section */
		A85032B7192E594A00DFD3F0 /* Foundation.framework in Frameworks */ = {isa = PBXBuildFile; fileRef = A85032B6192E594A00DFD3F0 /* Foundation.framework */; };
		A85032B9192E594A00DFD3F0 /* CoreGraphics.framework in Frameworks */ = {isa = PBXBuildFile; fileRef = A85032B8192E594A00DFD3F0 /* CoreGraphics.framework */; };
		A85032BB192E594A00DFD3F0 /* UIKit.framework in Frameworks */ = {isa = PBXBuildFile; fileRef = A85032BA192E594A00DFD3F0 /* UIKit.framework */; };
		A85032C1192E594A00DFD3F0 /* InfoPlist.strings in Resources */ = {isa = PBXBuildFile; fileRef = A85032BF192E594A00DFD3F0 /* InfoPlist.strings */; };
		A85032C3192E594A00DFD3F0 /* main.m in Sources */ = {isa = PBXBuildFile; fileRef = A85032C2192E594A00DFD3F0 /* main.m */; };
		A85032C7192E594A00DFD3F0 /* MMAppDelegate.m in Sources */ = {isa = PBXBuildFile; fileRef = A85032C6192E594A00DFD3F0 /* MMAppDelegate.m */; };
		A85032CA192E594A00DFD3F0 /* Main.storyboard in Resources */ = {isa = PBXBuildFile; fileRef = A85032C8192E594A00DFD3F0 /* Main.storyboard */; };
		A85032CD192E594A00DFD3F0 /* MMViewController.m in Sources */ = {isa = PBXBuildFile; fileRef = A85032CC192E594A00DFD3F0 /* MMViewController.m */; };
		A85032CF192E594A00DFD3F0 /* Images.xcassets in Resources */ = {isa = PBXBuildFile; fileRef = A85032CE192E594A00DFD3F0 /* Images.xcassets */; };
		A85032D6192E594A00DFD3F0 /* XCTest.framework in Frameworks */ = {isa = PBXBuildFile; fileRef = A85032D5192E594A00DFD3F0 /* XCTest.framework */; };
		A85032D7192E594A00DFD3F0 /* Foundation.framework in Frameworks */ = {isa = PBXBuildFile; fileRef = A85032B6192E594A00DFD3F0 /* Foundation.framework */; };
		A85032D8192E594A00DFD3F0 /* UIKit.framework in Frameworks */ = {isa = PBXBuildFile; fileRef = A85032BA192E594A00DFD3F0 /* UIKit.framework */; };
		A85032E0192E594A00DFD3F0 /* InfoPlist.strings in Resources */ = {isa = PBXBuildFile; fileRef = A85032DE192E594A00DFD3F0 /* InfoPlist.strings */; };
		A85032E2192E594A00DFD3F0 /* Git_TestTests.m in Sources */ = {isa = PBXBuildFile; fileRef = A85032E1192E594A00DFD3F0 /* Git_TestTests.m */; };
/* End PBXBuildFile section */

/* Begin PBXContainerItemProxy section */
		A85032D9192E594A00DFD3F0 /* PBXContainerItemProxy */ = {
			isa = PBXContainerItemProxy;
			containerPortal = A85032AB192E594A00DFD3F0 /* Project object */;
			proxyType = 1;
			remoteGlobalIDString = A85032B2192E594A00DFD3F0;
			remoteInfo = "Git Test";
		};
/* End PBXContainerItemProxy section */

/* Begin PBXFileReference section */
		A85032B3192E594A00DFD3F0 /* Git Test.app */ = {isa = PBXFileReference; explicitFileType = wrapper.application; includeInIndex = 0; path = "Git Test.app"; sourceTree = BUILT_PRODUCTS_DIR; };
		A85032B6192E594A00DFD3F0 /* Foundation.framework */ = {isa = PBXFileReference; lastKnownFileType = wrapper.framework; name = Foundation.framework; path = System/Library/Frameworks/Foundation.framework; sourceTree = SDKROOT; };
		A85032B8192E594A00DFD3F0 /* CoreGraphics.framework */ = {isa = PBXFileReference; lastKnownFileType = wrapper.framework; name = CoreGraphics.framework; path = System/Library/Frameworks/CoreGraphics.framework; sourceTree = SDKROOT; };
		A85032BA192E594A00DFD3F0 /* UIKit.framework */ = {isa = PBXFileReference; lastKnownFileType = wrapper.framework; name = UIKit.framework; path = System/Library/Frameworks/UIKit.framework; sourceTree = SDKROOT; };
		A85032BE192E594A00DFD3F0 /* Git Test-Info.plist */ = {isa = PBXFileReference; lastKnownFileType = text.plist.xml; path = "Git Test-Info.plist"; sourceTree = "<group>"; };
		A85032C0192E594A00DFD3F0 /* en */ = {isa = PBXFileReference; lastKnownFileType = text.plist.strings; name = en; path = en.lproj/InfoPlist.strings; sourceTree = "<group>"; };
		A85032C2192E594A00DFD3F0 /* main.m */ = {isa = PBXFileReference; lastKnownFileType = sourcecode.c.objc; path = main.m; sourceTree = "<group>"; };
		A85032C4192E594A00DFD3F0 /* Git Test-Prefix.pch */ = {isa = PBXFileReference; lastKnownFileType = sourcecode.c.h; path = "Git Test-Prefix.pch"; sourceTree = "<group>"; };
		A85032C5192E594A00DFD3F0 /* MMAppDelegate.h */ = {isa = PBXFileReference; lastKnownFileType = sourcecode.c.h; path = MMAppDelegate.h; sourceTree = "<group>"; };
		A85032C6192E594A00DFD3F0 /* MMAppDelegate.m */ = {isa = PBXFileReference; lastKnownFileType = sourcecode.c.objc; path = MMAppDelegate.m; sourceTree = "<group>"; };
		A85032C9192E594A00DFD3F0 /* Base */ = {isa = PBXFileReference; lastKnownFileType = file.storyboard; name = Base; path = Base.lproj/Main.storyboard; sourceTree = "<group>"; };
		A85032CB192E594A00DFD3F0 /* MMViewController.h */ = {isa = PBXFileReference; lastKnownFileType = sourcecode.c.h; path = MMViewController.h; sourceTree = "<group>"; };
		A85032CC192E594A00DFD3F0 /* MMViewController.m */ = {isa = PBXFileReference; lastKnownFileType = sourcecode.c.objc; path = MMViewController.m; sourceTree = "<group>"; };
		A85032CE192E594A00DFD3F0 /* Images.xcassets */ = {isa = PBXFileReference; lastKnownFileType = folder.assetcatalog; path = Images.xcassets; sourceTree = "<group>"; };
		A85032D4192E594A00DFD3F0 /* Git TestTests.xctest */ = {isa = PBXFileReference; explicitFileType = wrapper.cfbundle; includeInIndex = 0; path = "Git TestTests.xctest"; sourceTree = BUILT_PRODUCTS_DIR; };
		A85032D5192E594A00DFD3F0 /* XCTest.framework */ = {isa = PBXFileReference; lastKnownFileType = wrapper.framework; name = XCTest.framework; path = Library/Frameworks/XCTest.framework; sourceTree = DEVELOPER_DIR; };
		A85032DD192E594A00DFD3F0 /* Git TestTests-Info.plist */ = {isa = PBXFileReference; lastKnownFileType = text.plist.xml; path = "Git TestTests-Info.plist"; sourceTree = "<group>"; };
		A85032DF192E594A00DFD3F0 /* en */ = {isa = PBXFileReference; lastKnownFileType = text.plist.strings; name = en; path = en.lproj/InfoPlist.strings; sourceTree = "<group>"; };
		A85032E1192E594A00DFD3F0 /* Git_TestTests.m */ = {isa = PBXFileReference; lastKnownFileType = sourcecode.c.objc; path = Git_TestTests.m; sourceTree = "<group>"; };
/* End PBXFileReference section */

/* Begin PBXFrameworksBuildPhase section */
		A85032B0192E594A00DFD3F0 /* Frameworks */ = {
			isa = PBXFrameworksBuildPhase;
			buildActionMask = 2147483647;
			files = (
				A85032B9192E594A00DFD3F0 /* CoreGraphics.framework in Frameworks */,
				A85032BB192E594A00DFD3F0 /* UIKit.framework in Frameworks */,
				A85032B7192E594A00DFD3F0 /* Foundation.framework in Frameworks */,
			);
			runOnlyForDeploymentPostprocessing = 0;
		};
		A85032D1192E594A00DFD3F0 /* Frameworks */ = {
			isa = PBXFrameworksBuildPhase;
			buildActionMask = 2147483647;
			files = (
				A85032D6192E594A00DFD3F0 /* XCTest.framework in Frameworks */,
				A85032D8192E594A00DFD3F0 /* UIKit.framework in Frameworks */,
				A85032D7192E594A00DFD3F0 /* Foundation.framework in Frameworks */,
			);
			runOnlyForDeploymentPostprocessing = 0;
		};
/* End PBXFrameworksBuildPhase section */

/* Begin PBXGroup section */
		A85032AA192E594A00DFD3F0 = {
			isa = PBXGroup;
			children = (
				A85032BC192E594A00DFD3F0 /* Git Test */,
				A85032DB192E594A00DFD3F0 /* Git TestTests */,
				A85032B5192E594A00DFD3F0 /* Frameworks */,
				A85032B4192E594A00DFD3F0 /* Products */,
			);
			sourceTree = "<group>";
		};
		A85032B4192E594A00DFD3F0 /* Products */ = {
			isa = PBXGroup;
			children = (
				A85032B3192E594A00DFD3F0 /* Git Test.app */,
				A85032D4192E594A00DFD3F0 /* Git TestTests.xctest */,
			);
			name = Products;
			sourceTree = "<group>";
		};
		A85032B5192E594A00DFD3F0 /* Frameworks */ = {
			isa = PBXGroup;
			children = (
				A85032B6192E594A00DFD3F0 /* Foundation.framework */,
				A85032B8192E594A00DFD3F0 /* CoreGraphics.framework */,
				A85032BA192E594A00DFD3F0 /* UIKit.framework */,
				A85032D5192E594A00DFD3F0 /* XCTest.framework */,
			);
			name = Frameworks;
			sourceTree = "<group>";
		};
		A85032BC192E594A00DFD3F0 /* Git Test */ = {
			isa = PBXGroup;
			children = (
				A85032C5192E594A00DFD3F0 /* MMAppDelegate.h */,
				A85032C6192E594A00DFD3F0 /* MMAppDelegate.m */,
				A85032C8192E594A00DFD3F0 /* Main.storyboard */,
				A85032CB192E594A00DFD3F0 /* MMViewController.h */,
				A85032CC192E594A00DFD3F0 /* MMViewController.m */,
				A85032CE192E594A00DFD3F0 /* Images.xcassets */,
				A85032BD192E594A00DFD3F0 /* Supporting Files */,
			);
			path = "Git Test";
			sourceTree = "<group>";
		};
		A85032BD192E594A00DFD3F0 /* Supporting Files */ = {
			isa = PBXGroup;
			children = (
				A85032BE192E594A00DFD3F0 /* Git Test-Info.plist */,
				A85032BF192E594A00DFD3F0 /* InfoPlist.strings */,
				A85032C2192E594A00DFD3F0 /* main.m */,
				A85032C4192E594A00DFD3F0 /* Git Test-Prefix.pch */,
			);
			name = "Supporting Files";
			sourceTree = "<group>";
		};
		A85032DB192E594A00DFD3F0 /* Git TestTests */ = {
			isa = PBXGroup;
			children = (
				A85032E1192E594A00DFD3F0 /* Git_TestTests.m */,
				A85032DC192E594A00DFD3F0 /* Supporting Files */,
			);
			path = "Git TestTests";
			sourceTree = "<group>";
		};
		A85032DC192E594A00DFD3F0 /* Supporting Files */ = {
			isa = PBXGroup;
			children = (
				A85032DD192E594A00DFD3F0 /* Git TestTests-Info.plist */,
				A85032DE192E594A00DFD3F0 /* InfoPlist.strings */,
			);
			name = "Supporting Files";
			sourceTree = "<group>";
		};
/* End PBXGroup section */

/* Begin PBXNativeTarget section */
		A85032B2192E594A00DFD3F0 /* Git Test */ = {
			isa = PBXNativeTarget;
			buildConfigurationList = A85032E5192E594A00DFD3F0 /* Build configuration list for PBXNativeTarget "Git Test" */;
			buildPhases = (
				A85032AF192E594A00DFD3F0 /* Sources */,
				A85032B0192E594A00DFD3F0 /* Frameworks */,
				A85032B1192E594A00DFD3F0 /* Resources */,
			);
			buildRules = (
			);
			dependencies = (
			);
			name = "Git Test";
			productName = "Git Test";
			productReference = A85032B3192E594A00DFD3F0 /* Git Test.app */;
			productType = "com.apple.product-type.application";
		};
		A85032D3192E594A00DFD3F0 /* Git TestTests */ = {
			isa = PBXNativeTarget;
			buildConfigurationList = A85032E8192E594A00DFD3F0 /* Build configuration list for PBXNativeTarget "Git TestTests" */;
			buildPhases = (
				A85032D0192E594A00DFD3F0 /* Sources */,
				A85032D1192E594A00DFD3F0 /* Frameworks */,
				A85032D2192E594A00DFD3F0 /* Resources */,
			);
			buildRules = (
			);
			dependencies = (
				A85032DA192E594A00DFD3F0 /* PBXTargetDependency */,
			);
			name = "Git TestTests";
			productName = "Git TestTests";
			productReference = A85032D4192E594A00DFD3F0 /* Git TestTests.xctest */;
			productType = "com.apple.product-type.bundle.unit-test";
		};
/* End PBXNativeTarget section */

/* Begin PBXProject section */
		A85032AB192E594A00DFD3F0 /* Project object */ = {
			isa = PBXProject;
			attributes = {
				CLASSPREFIX = MM;
				LastUpgradeCheck = 0510;
				ORGANIZATIONNAME = Meepmom;
				TargetAttributes = {
					A85032D3192E594A00DFD3F0 = {
						TestTargetID = A85032B2192E594A00DFD3F0;
					};
				};
			};
			buildConfigurationList = A85032AE192E594A00DFD3F0 /* Build configuration list for PBXProject "Git Test" */;
			compatibilityVersion = "Xcode 3.2";
			developmentRegion = English;
			hasScannedForEncodings = 0;
			knownRegions = (
				en,
				Base,
			);
			mainGroup = A85032AA192E594A00DFD3F0;
			productRefGroup = A85032B4192E594A00DFD3F0 /* Products */;
			projectDirPath = "";
			projectRoot = "";
			targets = (
				A85032B2192E594A00DFD3F0 /* Git Test */,
				A85032D3192E594A00DFD3F0 /* Git TestTests */,
			);
		};
/* End PBXProject section */

/* Begin PBXResourcesBuildPhase section */
		A85032B1192E594A00DFD3F0 /* Resources */ = {
			isa = PBXResourcesBuildPhase;
			buildActionMask = 2147483647;
			files = (
				A85032CF192E594A00DFD3F0 /* Images.xcassets in Resources */,
				A85032C1192E594A00DFD3F0 /* InfoPlist.strings in Resources */,
				A85032CA192E594A00DFD3F0 /* Main.storyboard in Resources */,
			);
			runOnlyForDeploymentPostprocessing = 0;
		};
		A85032D2192E594A00DFD3F0 /* Resources */ = {
			isa = PBXResourcesBuildPhase;
			buildActionMask = 2147483647;
			files = (
				A85032E0192E594A00DFD3F0 /* InfoPlist.strings in Resources */,
			);
			runOnlyForDeploymentPostprocessing = 0;
		};
/* End PBXResourcesBuildPhase section */

/* Begin PBXSourcesBuildPhase section */
		A85032AF192E594A00DFD3F0 /* Sources */ = {
			isa = PBXSourcesBuildPhase;
			buildActionMask = 2147483647;
			files = (
				A85032C7192E594A00DFD3F0 /* MMAppDelegate.m in Sources */,
				A85032CD192E594A00DFD3F0 /* MMViewController.m in Sources */,
				A85032C3192E594A00DFD3F0 /* main.m in Sources */,
			);
			runOnlyForDeploymentPostprocessing = 0;
		};
		A85032D0192E594A00DFD3F0 /* Sources */ = {
			isa = PBXSourcesBuildPhase;
			buildActionMask = 2147483647;
			files = (
				A85032E2192E594A00DFD3F0 /* Git_TestTests.m in Sources */,
			);
			runOnlyForDeploymentPostprocessing = 0;
		};
/* End PBXSourcesBuildPhase section */

/* Begin PBXTargetDependency section */
		A85032DA192E594A00DFD3F0 /* PBXTargetDependency */ = {
			isa = PBXTargetDependency;
			target = A85032B2192E594A00DFD3F0 /* Git Test */;
			targetProxy = A85032D9192E594A00DFD3F0 /* PBXContainerItemProxy */;
		};
/* End PBXTargetDependency section */

/* Begin PBXVariantGroup section */
		A85032BF192E594A00DFD3F0 /* InfoPlist.strings */ = {
			isa = PBXVariantGroup;
			children = (
				A85032C0192E594A00DFD3F0 /* en */,
			);
			name = InfoPlist.strings;
			sourceTree = "<group>";
		};
		A85032C8192E594A00DFD3F0 /* Main.storyboard */ = {
			isa = PBXVariantGroup;
			children = (
				A85032C9192E594A00DFD3F0 /* Base */,
			);
			name = Main.storyboard;
			sourceTree = "<group>";
		};
		A85032DE192E594A00DFD3F0 /* InfoPlist.strings */ = {
			isa = PBXVariantGroup;
			children = (
				A85032DF192E594A00DFD3F0 /* en */,
			);
			name = InfoPlist.strings;
			sourceTree = "<group>";
		};
/* End PBXVariantGroup section */

/* Begin XCBuildConfiguration section */
		A85032E3192E594A00DFD3F0 /* Debug */ = {
			isa = XCBuildConfiguration;
			buildSettings = {
				ALWAYS_SEARCH_USER_PATHS = NO;
				CLANG_CXX_LANGUAGE_STANDARD = "gnu++0x";
				CLANG_CXX_LIBRARY = "libc++";
				CLANG_ENABLE_MODULES = YES;
				CLANG_ENABLE_OBJC_ARC = YES;
				CLANG_WARN_BOOL_CONVERSION = YES;
				CLANG_WARN_CONSTANT_CONVERSION = YES;
				CLANG_WARN_DIRECT_OBJC_ISA_USAGE = YES_ERROR;
				CLANG_WARN_EMPTY_BODY = YES;
				CLANG_WARN_ENUM_CONVERSION = YES;
				CLANG_WARN_INT_CONVERSION = YES;
				CLANG_WARN_OBJC_ROOT_CLASS = YES_ERROR;
				CLANG_WARN__DUPLICATE_METHOD_MATCH = YES;
				"CODE_SIGN_IDENTITY[sdk=iphoneos*]" = "iPhone Developer";
				COPY_PHASE_STRIP = NO;
				GCC_C_LANGUAGE_STANDARD = gnu99;
				GCC_DYNAMIC_NO_PIC = NO;
				GCC_OPTIMIZATION_LEVEL = 0;
				GCC_PREPROCESSOR_DEFINITIONS = (
					"DEBUG=1",
					"$(inherited)",
				);
				GCC_SYMBOLS_PRIVATE_EXTERN = NO;
				GCC_WARN_64_TO_32_BIT_CONVERSION = YES;
				GCC_WARN_ABOUT_RETURN_TYPE = YES_ERROR;
				GCC_WARN_UNDECLARED_SELECTOR = YES;
				GCC_WARN_UNINITIALIZED_AUTOS = YES_AGGRESSIVE;
				GCC_WARN_UNUSED_FUNCTION = YES;
				GCC_WARN_UNUSED_VARIABLE = YES;
				IPHONEOS_DEPLOYMENT_TARGET = 7.1;
				ONLY_ACTIVE_ARCH = YES;
				SDKROOT = iphoneos;
			};
			name = Debug;
		};
		A85032E4192E594A00DFD3F0 /* Release */ = {
			isa = XCBuildConfiguration;
			buildSettings = {
				ALWAYS_SEARCH_USER_PATHS = NO;
				CLANG_CXX_LANGUAGE_STANDARD = "gnu++0x";
				CLANG_CXX_LIBRARY = "libc++";
				CLANG_ENABLE_MODULES = YES;
				CLANG_ENABLE_OBJC_ARC = YES;
				CLANG_WARN_BOOL_CONVERSION = YES;
				CLANG_WARN_CONSTANT_CONVERSION = YES;
				CLANG_WARN_DIRECT_OBJC_ISA_USAGE = YES_ERROR;
				CLANG_WARN_EMPTY_BODY = YES;
				CLANG_WARN_ENUM_CONVERSION = YES;
				CLANG_WARN_INT_CONVERSION = YES;
				CLANG_WARN_OBJC_ROOT_CLASS = YES_ERROR;
				CLANG_WARN__DUPLICATE_METHOD_MATCH = YES;
				"CODE_SIGN_IDENTITY[sdk=iphoneos*]" = "iPhone Developer";
				COPY_PHASE_STRIP = YES;
				ENABLE_NS_ASSERTIONS = NO;
				GCC_C_LANGUAGE_STANDARD = gnu99;
				GCC_WARN_64_TO_32_BIT_CONVERSION = YES;
				GCC_WARN_ABOUT_RETURN_TYPE = YES_ERROR;
				GCC_WARN_UNDECLARED_SELECTOR = YES;
				GCC_WARN_UNINITIALIZED_AUTOS = YES_AGGRESSIVE;
				GCC_WARN_UNUSED_FUNCTION = YES;
				GCC_WARN_UNUSED_VARIABLE = YES;
				IPHONEOS_DEPLOYMENT_TARGET = 7.1;
				SDKROOT = iphoneos;
				VALIDATE_PRODUCT = YES;
			};
			name = Release;
		};
		A85032E6192E594A00DFD3F0 /* Debug */ = {
			isa = XCBuildConfiguration;
			buildSettings = {
				ASSETCATALOG_COMPILER_APPICON_NAME = AppIcon;
				ASSETCATALOG_COMPILER_LAUNCHIMAGE_NAME = LaunchImage;
				GCC_PRECOMPILE_PREFIX_HEADER = YES;
				GCC_PREFIX_HEADER = "Git Test/Git Test-Prefix.pch";
				INFOPLIST_FILE = "Git Test/Git Test-Info.plist";
				PRODUCT_NAME = "$(TARGET_NAME)";
				WRAPPER_EXTENSION = app;
			};
			name = Debug;
		};
		A85032E7192E594A00DFD3F0 /* Release */ = {
			isa = XCBuildConfiguration;
			buildSettings = {
				ASSETCATALOG_COMPILER_APPICON_NAME = AppIcon;
				ASSETCATALOG_COMPILER_LAUNCHIMAGE_NAME = LaunchImage;
				GCC_PRECOMPILE_PREFIX_HEADER = YES;
				GCC_PREFIX_HEADER = "Git Test/Git Test-Prefix.pch";
				INFOPLIST_FILE = "Git Test/Git Test-Info.plist";
				PRODUCT_NAME = "$(TARGET_NAME)";
				WRAPPER_EXTENSION = app;
			};
			name = Release;
		};
		A85032E9192E594A00DFD3F0 /* Debug */ = {
			isa = XCBuildConfiguration;
			buildSettings = {
				BUNDLE_LOADER = "$(BUILT_PRODUCTS_DIR)/Git Test.app/Git Test";
				FRAMEWORK_SEARCH_PATHS = (
					"$(SDKROOT)/Developer/Library/Frameworks",
					"$(inherited)",
					"$(DEVELOPER_FRAMEWORKS_DIR)",
				);
				GCC_PRECOMPILE_PREFIX_HEADER = YES;
				GCC_PREFIX_HEADER = "Git Test/Git Test-Prefix.pch";
				GCC_PREPROCESSOR_DEFINITIONS = (
					"DEBUG=1",
					"$(inherited)",
				);
				INFOPLIST_FILE = "Git TestTests/Git TestTests-Info.plist";
				PRODUCT_NAME = "$(TARGET_NAME)";
				TEST_HOST = "$(BUNDLE_LOADER)";
				WRAPPER_EXTENSION = xctest;
			};
			name = Debug;
		};
		A85032EA192E594A00DFD3F0 /* Release */ = {
			isa = XCBuildConfiguration;
			buildSettings = {
				BUNDLE_LOADER = "$(BUILT_PRODUCTS_DIR)/Git Test.app/Git Test";
				FRAMEWORK_SEARCH_PATHS = (
					"$(SDKROOT)/Developer/Library/Frameworks",
					"$(inherited)",
					"$(DEVELOPER_FRAMEWORKS_DIR)",
				);
				GCC_PRECOMPILE_PREFIX_HEADER = YES;
				GCC_PREFIX_HEADER = "Git Test/Git Test-Prefix.pch";
				INFOPLIST_FILE = "Git TestTests/Git TestTests-Info.plist";
				PRODUCT_NAME = "$(TARGET_NAME)";
				TEST_HOST = "$(BUNDLE_LOADER)";
				WRAPPER_EXTENSION = xctest;
			};
			name = Release;
		};
/* End XCBuildConfiguration section */

/* Begin XCConfigurationList section */
		A85032AE192E594A00DFD3F0 /* Build configuration list for PBXProject "Git Test" */ = {
			isa = XCConfigurationList;
			buildConfigurations = (
				A85032E3192E594A00DFD3F0 /* Debug */,
				A85032E4192E594A00DFD3F0 /* Release */,
			);
			defaultConfigurationIsVisible = 0;
			defaultConfigurationName = Release;
		};
		A85032E5192E594A00DFD3F0 /* Build configuration list for PBXNativeTarget "Git Test" */ = {
			isa = XCConfigurationList;
			buildConfigurations = (
				A85032E6192E594A00DFD3F0 /* Debug */,
				A85032E7192E594A00DFD3F0 /* Release */,
			);
			defaultConfigurationIsVisible = 0;
		};
		A85032E8192E594A00DFD3F0 /* Build configuration list for PBXNativeTarget "Git TestTests" */ = {
			isa = XCConfigurationList;
			buildConfigurations = (
				A85032E9192E594A00DFD3F0 /* Debug */,
				A85032EA192E594A00DFD3F0 /* Release */,
			);
			defaultConfigurationIsVisible = 0;
		};
/* End XCConfigurationList section */
	};
	rootObject = A85032AB192E594A00DFD3F0 /* Project object */;
}
